
Microsoft Visual Studio Solution File, Format Version 12.00
Project("{2150E333-8FDC-42A3-9474-1A3956D46DE8}") = "Hurace.Core", "Hurace.Core", "{CE6F9445-D544-43B5-AAFF-8BB3BF6F44B7}"
EndProject
Project("{FAE04EC0-301F-11D3-BF4B-00C04F79EFBC}") = "Hurace.Core.Dto", "Hurace.Core.Dto\Hurace.Core.Dto.csproj", "{8807DE68-68AF-4BAA-8317-4FBA38DDE7D2}"
EndProject
Project("{FAE04EC0-301F-11D3-BF4B-00C04F79EFBC}") = "Hurace.Core.Dal.Interface", "Hurace.Core.Dal.Interface\Hurace.Core.Dal.Interface.csproj", "{841FD26C-777D-42B8-9662-E58327D4B32D}"
EndProject
Project("{FAE04EC0-301F-11D3-BF4B-00C04F79EFBC}") = "Hurace.Core.Dal.Dao", "Hurace.Core\Hurace.Core.Dal.Dao\Hurace.Core.Dal.Dao.csproj", "{989D8886-E412-418B-B01D-0259FEA4D40A}"
EndProject
Project("{FAE04EC0-301F-11D3-BF4B-00C04F79EFBC}") = "Hurace.Core.Common", "Hurace.Core\Hurace.Core.Common\Hurace.Core.Common.csproj", "{0776F86D-0071-49E9-B5F7-98EE403CA76D}"
EndProject
Project("{FAE04EC0-301F-11D3-BF4B-00C04F79EFBC}") = "Hurace.Core.DataGenerator", "Hurace.Core.DataGenerator\Hurace.Core.DataGenerator.csproj", "{15EA6B62-492F-4481-879D-17ABB30ABE1F}"
EndProject
Project("{FAE04EC0-301F-11D3-BF4B-00C04F79EFBC}") = "Hurace.Core.Test", "Hurace.Core\Hurace.Core.Test\Hurace.Core.Test.csproj", "{364DBD6E-F896-426B-9EF5-A1DA3E45FB99}"
EndProject
Project("{FAE04EC0-301F-11D3-BF4B-00C04F79EFBC}") = "Hurace.Core.Api", "Hurace.Core.Api\Hurace.Core.Api.csproj", "{6BBE3577-C761-47D9-B129-1551403E1F5D}"
EndProject
Project("{FAE04EC0-301F-11D3-BF4B-00C04F79EFBC}") = "Hurace.RaceControl", "Hurace.RaceControl\Hurace.RaceControl.csproj", "{B82366EE-B844-4EB6-BEAE-5FB32C81B7D4}"
EndProject
Global
	GlobalSection(SolutionConfigurationPlatforms) = preSolution
		Debug|Any CPU = Debug|Any CPU
		Release|Any CPU = Release|Any CPU
	EndGlobalSection
	GlobalSection(ProjectConfigurationPlatforms) = postSolution
		{8807DE68-68AF-4BAA-8317-4FBA38DDE7D2}.Debug|Any CPU.ActiveCfg = Debug|Any CPU
		{8807DE68-68AF-4BAA-8317-4FBA38DDE7D2}.Debug|Any CPU.Build.0 = Debug|Any CPU
		{8807DE68-68AF-4BAA-8317-4FBA38DDE7D2}.Release|Any CPU.ActiveCfg = Release|Any CPU
		{8807DE68-68AF-4BAA-8317-4FBA38DDE7D2}.Release|Any CPU.Build.0 = Release|Any CPU
		{841FD26C-777D-42B8-9662-E58327D4B32D}.Debug|Any CPU.ActiveCfg = Debug|Any CPU
		{841FD26C-777D-42B8-9662-E58327D4B32D}.Debug|Any CPU.Build.0 = Debug|Any CPU
		{841FD26C-777D-42B8-9662-E58327D4B32D}.Release|Any CPU.ActiveCfg = Release|Any CPU
		{841FD26C-777D-42B8-9662-E58327D4B32D}.Release|Any CPU.Build.0 = Release|Any CPU
		{989D8886-E412-418B-B01D-0259FEA4D40A}.Debug|Any CPU.ActiveCfg = Debug|Any CPU
		{989D8886-E412-418B-B01D-0259FEA4D40A}.Debug|Any CPU.Build.0 = Debug|Any CPU
		{989D8886-E412-418B-B01D-0259FEA4D40A}.Release|Any CPU.ActiveCfg = Release|Any CPU
		{989D8886-E412-418B-B01D-0259FEA4D40A}.Release|Any CPU.Build.0 = Release|Any CPU
		{0776F86D-0071-49E9-B5F7-98EE403CA76D}.Debug|Any CPU.ActiveCfg = Debug|Any CPU
		{0776F86D-0071-49E9-B5F7-98EE403CA76D}.Debug|Any CPU.Build.0 = Debug|Any CPU
		{0776F86D-0071-49E9-B5F7-98EE403CA76D}.Release|Any CPU.ActiveCfg = Release|Any CPU
		{0776F86D-0071-49E9-B5F7-98EE403CA76D}.Release|Any CPU.Build.0 = Release|Any CPU
		{15EA6B62-492F-4481-879D-17ABB30ABE1F}.Debug|Any CPU.ActiveCfg = Debug|Any CPU
		{15EA6B62-492F-4481-879D-17ABB30ABE1F}.Debug|Any CPU.Build.0 = Debug|Any CPU
		{15EA6B62-492F-4481-879D-17ABB30ABE1F}.Release|Any CPU.ActiveCfg = Release|Any CPU
		{15EA6B62-492F-4481-879D-17ABB30ABE1F}.Release|Any CPU.Build.0 = Release|Any CPU
		{364DBD6E-F896-426B-9EF5-A1DA3E45FB99}.Debug|Any CPU.ActiveCfg = Debug|Any CPU
		{364DBD6E-F896-426B-9EF5-A1DA3E45FB99}.Debug|Any CPU.Build.0 = Debug|Any CPU
		{364DBD6E-F896-426B-9EF5-A1DA3E45FB99}.Release|Any CPU.ActiveCfg = Release|Any CPU
		{364DBD6E-F896-426B-9EF5-A1DA3E45FB99}.Release|Any CPU.Build.0 = Release|Any CPU
		{6BBE3577-C761-47D9-B129-1551403E1F5D}.Debug|Any CPU.ActiveCfg = Debug|Any CPU
		{6BBE3577-C761-47D9-B129-1551403E1F5D}.Debug|Any CPU.Build.0 = Debug|Any CPU
		{6BBE3577-C761-47D9-B129-1551403E1F5D}.Release|Any CPU.ActiveCfg = Release|Any CPU
		{6BBE3577-C761-47D9-B129-1551403E1F5D}.Release|Any CPU.Build.0 = Release|Any CPU
		{B82366EE-B844-4EB6-BEAE-5FB32C81B7D4}.Debug|Any CPU.ActiveCfg = Debug|Any CPU
		{B82366EE-B844-4EB6-BEAE-5FB32C81B7D4}.Debug|Any CPU.Build.0 = Debug|Any CPU
		{B82366EE-B844-4EB6-BEAE-5FB32C81B7D4}.Release|Any CPU.ActiveCfg = Release|Any CPU
		{B82366EE-B844-4EB6-BEAE-5FB32C81B7D4}.Release|Any CPU.Build.0 = Release|Any CPU
	EndGlobalSection
	GlobalSection(NestedProjects) = preSolution
		{8807DE68-68AF-4BAA-8317-4FBA38DDE7D2} = {CE6F9445-D544-43B5-AAFF-8BB3BF6F44B7}
		{841FD26C-777D-42B8-9662-E58327D4B32D} = {CE6F9445-D544-43B5-AAFF-8BB3BF6F44B7}
		{989D8886-E412-418B-B01D-0259FEA4D40A} = {CE6F9445-D544-43B5-AAFF-8BB3BF6F44B7}
		{0776F86D-0071-49E9-B5F7-98EE403CA76D} = {CE6F9445-D544-43B5-AAFF-8BB3BF6F44B7}
		{364DBD6E-F896-426B-9EF5-A1DA3E45FB99} = {CE6F9445-D544-43B5-AAFF-8BB3BF6F44B7}
		{6BBE3577-C761-47D9-B129-1551403E1F5D} = {CE6F9445-D544-43B5-AAFF-8BB3BF6F44B7}
		{15EA6B62-492F-4481-879D-17ABB30ABE1F} = {CE6F9445-D544-43B5-AAFF-8BB3BF6F44B7}
	EndGlobalSection
EndGlobal
