
Microsoft Visual Studio Solution File, Format Version 12.00
Project("{FAE04EC0-301F-11D3-BF4B-00C04F79EFBC}") = "Hurace.Dal.Domain", "Hurace.Dal.Domain\Hurace.Dal.Domain.csproj", "{8807DE68-68AF-4BAA-8317-4FBA38DDE7D2}"
EndProject
Project("{FAE04EC0-301F-11D3-BF4B-00C04F79EFBC}") = "Hurace.Dal.Interface", "Hurace.Dal.Interface\Hurace.Dal.Interface.csproj", "{841FD26C-777D-42B8-9662-E58327D4B32D}"
EndProject
Project("{FAE04EC0-301F-11D3-BF4B-00C04F79EFBC}") = "Hurace.Dal.DataGenerator.Client", "Hurace.Dal.DataGenerator.Client\Hurace.Dal.DataGenerator.Client.csproj", "{15EA6B62-492F-4481-879D-17ABB30ABE1F}"
EndProject
Project("{FAE04EC0-301F-11D3-BF4B-00C04F79EFBC}") = "Hurace.Core.Logic", "Hurace.Core.Logic\Hurace.Core.Logic.csproj", "{6BBE3577-C761-47D9-B129-1551403E1F5D}"
EndProject
Project("{FAE04EC0-301F-11D3-BF4B-00C04F79EFBC}") = "Hurace.RaceControl", "Hurace.RaceControl\Hurace.RaceControl.csproj", "{B82366EE-B844-4EB6-BEAE-5FB32C81B7D4}"
EndProject
Project("{2150E333-8FDC-42A3-9474-1A3956D46DE8}") = "Hurace.Dal", "Hurace.Dal", "{5BBA30A0-E50E-464E-B86E-944F86197B24}"
EndProject
Project("{FAE04EC0-301F-11D3-BF4B-00C04F79EFBC}") = "Hurace.Dal.Common", "Hurace.Dal.Common\Hurace.Dal.Common.csproj", "{860C5D26-6D84-4424-990A-28857E249FBE}"
EndProject
Project("{FAE04EC0-301F-11D3-BF4B-00C04F79EFBC}") = "Hurace.Dal.Dao", "Hurace.Dal.Dao\Hurace.Dal.Dao.csproj", "{454F675A-68AE-4132-B3B8-DA123A04BD4F}"
EndProject
Project("{FAE04EC0-301F-11D3-BF4B-00C04F79EFBC}") = "Hurace.Dal.Test", "Hurace.Dal.Test\Hurace.Dal.Test.csproj", "{A5C54325-72E7-4FDE-87F2-F1297F5BF89F}"
EndProject
Project("{2150E333-8FDC-42A3-9474-1A3956D46DE8}") = "Hurace.Core", "Hurace.Core", "{CE9873EC-04EB-44EC-9187-DF414D79BC37}"
EndProject
Project("{FAE04EC0-301F-11D3-BF4B-00C04F79EFBC}") = "Hurace.Core.Simulation", "Hurace.Core.Simulation\Hurace.Core.Simulation.csproj", "{CE3C647D-D914-4026-AA5F-7F9E0A8D0CF0}"
EndProject
Project("{FAE04EC0-301F-11D3-BF4B-00C04F79EFBC}") = "Hurace.Core.Timer", "Hurace.Core.Timer\Hurace.Core.Timer.csproj", "{F2D8BC8A-F789-4BEC-838B-B9281C0E9BA5}"
EndProject
Project("{FAE04EC0-301F-11D3-BF4B-00C04F79EFBC}") = "Hurace.Core.Test", "Hurace.Core.Test\Hurace.Core.Test.csproj", "{9E9B89C4-438F-4FE7-8AA4-B51788BEF3C6}"
EndProject
Project("{FAE04EC0-301F-11D3-BF4B-00C04F79EFBC}") = "Hurace.API", "Hurace.API\Hurace.API.csproj", "{BBBBAD83-65F4-468E-AB56-6704C5BD80F2}"
EndProject
Project("{FAE04EC0-301F-11D3-BF4B-00C04F79EFBC}") = "Hurace.Dal.DataGenerator.Core", "Hurace.Dal.DataGenerator.Core\Hurace.Dal.DataGenerator.Core.csproj", "{742F454D-8B67-4DC2-8E79-15CFF49E2DF1}"
EndProject
Global
	GlobalSection(SolutionConfigurationPlatforms) = preSolution
		Debug|Any CPU = Debug|Any CPU
		Release|Any CPU = Release|Any CPU
	EndGlobalSection
	GlobalSection(ProjectConfigurationPlatforms) = postSolution
		{8807DE68-68AF-4BAA-8317-4FBA38DDE7D2}.Debug|Any CPU.ActiveCfg = Debug|Any CPU
		{8807DE68-68AF-4BAA-8317-4FBA38DDE7D2}.Debug|Any CPU.Build.0 = Debug|Any CPU
		{8807DE68-68AF-4BAA-8317-4FBA38DDE7D2}.Release|Any CPU.ActiveCfg = Release|Any CPU
		{8807DE68-68AF-4BAA-8317-4FBA38DDE7D2}.Release|Any CPU.Build.0 = Release|Any CPU
		{841FD26C-777D-42B8-9662-E58327D4B32D}.Debug|Any CPU.ActiveCfg = Debug|Any CPU
		{841FD26C-777D-42B8-9662-E58327D4B32D}.Debug|Any CPU.Build.0 = Debug|Any CPU
		{841FD26C-777D-42B8-9662-E58327D4B32D}.Release|Any CPU.ActiveCfg = Release|Any CPU
		{841FD26C-777D-42B8-9662-E58327D4B32D}.Release|Any CPU.Build.0 = Release|Any CPU
		{15EA6B62-492F-4481-879D-17ABB30ABE1F}.Debug|Any CPU.ActiveCfg = Debug|Any CPU
		{15EA6B62-492F-4481-879D-17ABB30ABE1F}.Debug|Any CPU.Build.0 = Debug|Any CPU
		{15EA6B62-492F-4481-879D-17ABB30ABE1F}.Release|Any CPU.ActiveCfg = Release|Any CPU
		{15EA6B62-492F-4481-879D-17ABB30ABE1F}.Release|Any CPU.Build.0 = Release|Any CPU
		{6BBE3577-C761-47D9-B129-1551403E1F5D}.Debug|Any CPU.ActiveCfg = Debug|Any CPU
		{6BBE3577-C761-47D9-B129-1551403E1F5D}.Debug|Any CPU.Build.0 = Debug|Any CPU
		{6BBE3577-C761-47D9-B129-1551403E1F5D}.Release|Any CPU.ActiveCfg = Release|Any CPU
		{6BBE3577-C761-47D9-B129-1551403E1F5D}.Release|Any CPU.Build.0 = Release|Any CPU
		{B82366EE-B844-4EB6-BEAE-5FB32C81B7D4}.Debug|Any CPU.ActiveCfg = Debug|Any CPU
		{B82366EE-B844-4EB6-BEAE-5FB32C81B7D4}.Debug|Any CPU.Build.0 = Debug|Any CPU
		{B82366EE-B844-4EB6-BEAE-5FB32C81B7D4}.Release|Any CPU.ActiveCfg = Release|Any CPU
		{B82366EE-B844-4EB6-BEAE-5FB32C81B7D4}.Release|Any CPU.Build.0 = Release|Any CPU
		{860C5D26-6D84-4424-990A-28857E249FBE}.Debug|Any CPU.ActiveCfg = Debug|Any CPU
		{860C5D26-6D84-4424-990A-28857E249FBE}.Debug|Any CPU.Build.0 = Debug|Any CPU
		{860C5D26-6D84-4424-990A-28857E249FBE}.Release|Any CPU.ActiveCfg = Release|Any CPU
		{860C5D26-6D84-4424-990A-28857E249FBE}.Release|Any CPU.Build.0 = Release|Any CPU
		{454F675A-68AE-4132-B3B8-DA123A04BD4F}.Debug|Any CPU.ActiveCfg = Debug|Any CPU
		{454F675A-68AE-4132-B3B8-DA123A04BD4F}.Debug|Any CPU.Build.0 = Debug|Any CPU
		{454F675A-68AE-4132-B3B8-DA123A04BD4F}.Release|Any CPU.ActiveCfg = Release|Any CPU
		{454F675A-68AE-4132-B3B8-DA123A04BD4F}.Release|Any CPU.Build.0 = Release|Any CPU
		{A5C54325-72E7-4FDE-87F2-F1297F5BF89F}.Debug|Any CPU.ActiveCfg = Debug|Any CPU
		{A5C54325-72E7-4FDE-87F2-F1297F5BF89F}.Debug|Any CPU.Build.0 = Debug|Any CPU
		{A5C54325-72E7-4FDE-87F2-F1297F5BF89F}.Release|Any CPU.ActiveCfg = Release|Any CPU
		{A5C54325-72E7-4FDE-87F2-F1297F5BF89F}.Release|Any CPU.Build.0 = Release|Any CPU
		{CE3C647D-D914-4026-AA5F-7F9E0A8D0CF0}.Debug|Any CPU.ActiveCfg = Debug|Any CPU
		{CE3C647D-D914-4026-AA5F-7F9E0A8D0CF0}.Debug|Any CPU.Build.0 = Debug|Any CPU
		{CE3C647D-D914-4026-AA5F-7F9E0A8D0CF0}.Release|Any CPU.ActiveCfg = Release|Any CPU
		{CE3C647D-D914-4026-AA5F-7F9E0A8D0CF0}.Release|Any CPU.Build.0 = Release|Any CPU
		{F2D8BC8A-F789-4BEC-838B-B9281C0E9BA5}.Debug|Any CPU.ActiveCfg = Debug|Any CPU
		{F2D8BC8A-F789-4BEC-838B-B9281C0E9BA5}.Debug|Any CPU.Build.0 = Debug|Any CPU
		{F2D8BC8A-F789-4BEC-838B-B9281C0E9BA5}.Release|Any CPU.ActiveCfg = Release|Any CPU
		{F2D8BC8A-F789-4BEC-838B-B9281C0E9BA5}.Release|Any CPU.Build.0 = Release|Any CPU
		{9E9B89C4-438F-4FE7-8AA4-B51788BEF3C6}.Debug|Any CPU.ActiveCfg = Debug|Any CPU
		{9E9B89C4-438F-4FE7-8AA4-B51788BEF3C6}.Debug|Any CPU.Build.0 = Debug|Any CPU
		{9E9B89C4-438F-4FE7-8AA4-B51788BEF3C6}.Release|Any CPU.ActiveCfg = Release|Any CPU
		{9E9B89C4-438F-4FE7-8AA4-B51788BEF3C6}.Release|Any CPU.Build.0 = Release|Any CPU
		{BBBBAD83-65F4-468E-AB56-6704C5BD80F2}.Debug|Any CPU.ActiveCfg = Debug|Any CPU
		{BBBBAD83-65F4-468E-AB56-6704C5BD80F2}.Debug|Any CPU.Build.0 = Debug|Any CPU
		{BBBBAD83-65F4-468E-AB56-6704C5BD80F2}.Release|Any CPU.ActiveCfg = Release|Any CPU
		{BBBBAD83-65F4-468E-AB56-6704C5BD80F2}.Release|Any CPU.Build.0 = Release|Any CPU
		{742F454D-8B67-4DC2-8E79-15CFF49E2DF1}.Debug|Any CPU.ActiveCfg = Debug|Any CPU
		{742F454D-8B67-4DC2-8E79-15CFF49E2DF1}.Debug|Any CPU.Build.0 = Debug|Any CPU
		{742F454D-8B67-4DC2-8E79-15CFF49E2DF1}.Release|Any CPU.ActiveCfg = Release|Any CPU
		{742F454D-8B67-4DC2-8E79-15CFF49E2DF1}.Release|Any CPU.Build.0 = Release|Any CPU
	EndGlobalSection
	GlobalSection(NestedProjects) = preSolution
		{860C5D26-6D84-4424-990A-28857E249FBE} = {5BBA30A0-E50E-464E-B86E-944F86197B24}
		{8807DE68-68AF-4BAA-8317-4FBA38DDE7D2} = {5BBA30A0-E50E-464E-B86E-944F86197B24}
		{841FD26C-777D-42B8-9662-E58327D4B32D} = {5BBA30A0-E50E-464E-B86E-944F86197B24}
		{454F675A-68AE-4132-B3B8-DA123A04BD4F} = {5BBA30A0-E50E-464E-B86E-944F86197B24}
		{15EA6B62-492F-4481-879D-17ABB30ABE1F} = {5BBA30A0-E50E-464E-B86E-944F86197B24}
		{A5C54325-72E7-4FDE-87F2-F1297F5BF89F} = {5BBA30A0-E50E-464E-B86E-944F86197B24}
		{6BBE3577-C761-47D9-B129-1551403E1F5D} = {CE9873EC-04EB-44EC-9187-DF414D79BC37}
		{CE3C647D-D914-4026-AA5F-7F9E0A8D0CF0} = {CE9873EC-04EB-44EC-9187-DF414D79BC37}
		{F2D8BC8A-F789-4BEC-838B-B9281C0E9BA5} = {CE9873EC-04EB-44EC-9187-DF414D79BC37}
		{9E9B89C4-438F-4FE7-8AA4-B51788BEF3C6} = {CE9873EC-04EB-44EC-9187-DF414D79BC37}
		{742F454D-8B67-4DC2-8E79-15CFF49E2DF1} = {5BBA30A0-E50E-464E-B86E-944F86197B24}
	EndGlobalSection
EndGlobal
